// !$*UTF8*$!
{
	archiveVersion = 1;
	classes = {
	};
	objectVersion = 46;
	objects = {

/* Begin PBXBuildFile section */
		AA6FEBCB85D7FA0CC6BCBD35 /* Pods_scan2oc.framework in Frameworks */ = {isa = PBXBuildFile; fileRef = 5036678042EABFB18F7687A8 /* Pods_scan2oc.framework */; };
		C392904D1F00173100A4071D /* AppDelegate.swift in Sources */ = {isa = PBXBuildFile; fileRef = C392904C1F00173100A4071D /* AppDelegate.swift */; };
		C392904F1F00173100A4071D /* ViewController.swift in Sources */ = {isa = PBXBuildFile; fileRef = C392904E1F00173100A4071D /* ViewController.swift */; };
		C39290521F00173100A4071D /* Main.storyboard in Resources */ = {isa = PBXBuildFile; fileRef = C39290501F00173100A4071D /* Main.storyboard */; };
		C39290541F00173100A4071D /* Assets.xcassets in Resources */ = {isa = PBXBuildFile; fileRef = C39290531F00173100A4071D /* Assets.xcassets */; };
		C39290571F00173100A4071D /* LaunchScreen.storyboard in Resources */ = {isa = PBXBuildFile; fileRef = C39290551F00173100A4071D /* LaunchScreen.storyboard */; };
/* End PBXBuildFile section */

/* Begin PBXFileReference section */
		21B2A668C1BE3A3CB83C3B4B /* Pods-scan2oc.debug.xcconfig */ = {isa = PBXFileReference; includeInIndex = 1; lastKnownFileType = text.xcconfig; name = "Pods-scan2oc.debug.xcconfig"; path = "Pods/Target Support Files/Pods-scan2oc/Pods-scan2oc.debug.xcconfig"; sourceTree = "<group>"; };
		5036678042EABFB18F7687A8 /* Pods_scan2oc.framework */ = {isa = PBXFileReference; explicitFileType = wrapper.framework; includeInIndex = 0; path = Pods_scan2oc.framework; sourceTree = BUILT_PRODUCTS_DIR; };
		B326F9D5923CE50BFA107830 /* Pods-scan2oc.release.xcconfig */ = {isa = PBXFileReference; includeInIndex = 1; lastKnownFileType = text.xcconfig; name = "Pods-scan2oc.release.xcconfig"; path = "Pods/Target Support Files/Pods-scan2oc/Pods-scan2oc.release.xcconfig"; sourceTree = "<group>"; };
		C39290491F00173100A4071D /* scan2oc.app */ = {isa = PBXFileReference; explicitFileType = wrapper.application; includeInIndex = 0; path = scan2oc.app; sourceTree = BUILT_PRODUCTS_DIR; };
		C392904C1F00173100A4071D /* AppDelegate.swift */ = {isa = PBXFileReference; lastKnownFileType = sourcecode.swift; path = AppDelegate.swift; sourceTree = "<group>"; };
		C392904E1F00173100A4071D /* ViewController.swift */ = {isa = PBXFileReference; lastKnownFileType = sourcecode.swift; path = ViewController.swift; sourceTree = "<group>"; };
		C39290511F00173100A4071D /* Base */ = {isa = PBXFileReference; lastKnownFileType = file.storyboard; name = Base; path = Base.lproj/Main.storyboard; sourceTree = "<group>"; };
		C39290531F00173100A4071D /* Assets.xcassets */ = {isa = PBXFileReference; lastKnownFileType = folder.assetcatalog; path = Assets.xcassets; sourceTree = "<group>"; };
		C39290561F00173100A4071D /* Base */ = {isa = PBXFileReference; lastKnownFileType = file.storyboard; name = Base; path = Base.lproj/LaunchScreen.storyboard; sourceTree = "<group>"; };
		C39290581F00173100A4071D /* Info.plist */ = {isa = PBXFileReference; lastKnownFileType = text.plist.xml; path = Info.plist; sourceTree = "<group>"; };
/* End PBXFileReference section */

/* Begin PBXFrameworksBuildPhase section */
		C39290461F00173100A4071D /* Frameworks */ = {
			isa = PBXFrameworksBuildPhase;
			buildActionMask = 2147483647;
			files = (
				AA6FEBCB85D7FA0CC6BCBD35 /* Pods_scan2oc.framework in Frameworks */,
			);
			runOnlyForDeploymentPostprocessing = 0;
		};
/* End PBXFrameworksBuildPhase section */

/* Begin PBXGroup section */
		318606278F5049FF43E17909 /* Frameworks */ = {
			isa = PBXGroup;
			children = (
				5036678042EABFB18F7687A8 /* Pods_scan2oc.framework */,
			);
			name = Frameworks;
			sourceTree = "<group>";
		};
		9AC83718400ED27B7CCB83ED /* Pods */ = {
			isa = PBXGroup;
			children = (
				21B2A668C1BE3A3CB83C3B4B /* Pods-scan2oc.debug.xcconfig */,
				B326F9D5923CE50BFA107830 /* Pods-scan2oc.release.xcconfig */,
			);
			name = Pods;
			sourceTree = "<group>";
		};
		C39290401F00173100A4071D = {
			isa = PBXGroup;
			children = (
				C392904B1F00173100A4071D /* scan2oc */,
				C392904A1F00173100A4071D /* Products */,
				9AC83718400ED27B7CCB83ED /* Pods */,
				318606278F5049FF43E17909 /* Frameworks */,
			);
			sourceTree = "<group>";
		};
		C392904A1F00173100A4071D /* Products */ = {
			isa = PBXGroup;
			children = (
				C39290491F00173100A4071D /* scan2oc.app */,
			);
			name = Products;
			sourceTree = "<group>";
		};
		C392904B1F00173100A4071D /* scan2oc */ = {
			isa = PBXGroup;
			children = (
				C392904C1F00173100A4071D /* AppDelegate.swift */,
				C392904E1F00173100A4071D /* ViewController.swift */,
				C39290501F00173100A4071D /* Main.storyboard */,
				C39290531F00173100A4071D /* Assets.xcassets */,
				C39290551F00173100A4071D /* LaunchScreen.storyboard */,
				C39290581F00173100A4071D /* Info.plist */,
			);
			path = scan2oc;
			sourceTree = "<group>";
		};
/* End PBXGroup section */

/* Begin PBXNativeTarget section */
		C39290481F00173100A4071D /* scan2oc */ = {
			isa = PBXNativeTarget;
			buildConfigurationList = C392905B1F00173100A4071D /* Build configuration list for PBXNativeTarget "scan2oc" */;
			buildPhases = (
				3E7AE879034184370CCFABDD /* [CP] Check Pods Manifest.lock */,
				C39290451F00173100A4071D /* Sources */,
				C39290461F00173100A4071D /* Frameworks */,
				C39290471F00173100A4071D /* Resources */,
				2553BF05214492AAAEFC774C /* [CP] Embed Pods Frameworks */,
				8CAAE6D2AD95CD92FCDFAE60 /* [CP] Copy Pods Resources */,
			);
			buildRules = (
			);
			dependencies = (
			);
			name = scan2oc;
			productName = scan2oc;
			productReference = C39290491F00173100A4071D /* scan2oc.app */;
			productType = "com.apple.product-type.application";
		};
/* End PBXNativeTarget section */

/* Begin PBXProject section */
		C39290411F00173100A4071D /* Project object */ = {
			isa = PBXProject;
			attributes = {
				LastSwiftUpdateCheck = 0830;
				LastUpgradeCheck = 0830;
				ORGANIZATIONNAME = "Tomas Draslar";
				TargetAttributes = {
					C39290481F00173100A4071D = {
						CreatedOnToolsVersion = 8.3.3;
						DevelopmentTeam = 6H4AW7WN7R;
						ProvisioningStyle = Automatic;
					};
				};
			};
			buildConfigurationList = C39290441F00173100A4071D /* Build configuration list for PBXProject "scan2oc" */;
			compatibilityVersion = "Xcode 3.2";
			developmentRegion = English;
			hasScannedForEncodings = 0;
			knownRegions = (
				en,
				Base,
			);
			mainGroup = C39290401F00173100A4071D;
			productRefGroup = C392904A1F00173100A4071D /* Products */;
			projectDirPath = "";
			projectRoot = "";
			targets = (
				C39290481F00173100A4071D /* scan2oc */,
			);
		};
/* End PBXProject section */

/* Begin PBXResourcesBuildPhase section */
		C39290471F00173100A4071D /* Resources */ = {
			isa = PBXResourcesBuildPhase;
			buildActionMask = 2147483647;
			files = (
				C39290571F00173100A4071D /* LaunchScreen.storyboard in Resources */,
				C39290541F00173100A4071D /* Assets.xcassets in Resources */,
				C39290521F00173100A4071D /* Main.storyboard in Resources */,
			);
			runOnlyForDeploymentPostprocessing = 0;
		};
/* End PBXResourcesBuildPhase section */

/* Begin PBXShellScriptBuildPhase section */
		2553BF05214492AAAEFC774C /* [CP] Embed Pods Frameworks */ = {
			isa = PBXShellScriptBuildPhase;
			buildActionMask = 2147483647;
			files = (
			);
			inputPaths = (
			);
			name = "[CP] Embed Pods Frameworks";
			outputPaths = (
			);
			runOnlyForDeploymentPostprocessing = 0;
			shellPath = /bin/sh;
			shellScript = "\"${SRCROOT}/Pods/Target Support Files/Pods-scan2oc/Pods-scan2oc-frameworks.sh\"\n";
			showEnvVarsInLog = 0;
		};
		3E7AE879034184370CCFABDD /* [CP] Check Pods Manifest.lock */ = {
			isa = PBXShellScriptBuildPhase;
			buildActionMask = 2147483647;
			files = (
			);
			inputPaths = (
			);
			name = "[CP] Check Pods Manifest.lock";
			outputPaths = (
			);
			runOnlyForDeploymentPostprocessing = 0;
			shellPath = /bin/sh;
			shellScript = "diff \"${PODS_PODFILE_DIR_PATH}/Podfile.lock\" \"${PODS_ROOT}/Manifest.lock\" > /dev/null\nif [ $? != 0 ] ; then\n    # print error to STDERR\n    echo \"error: The sandbox is not in sync with the Podfile.lock. Run 'pod install' or update your CocoaPods installation.\" >&2\n    exit 1\nfi\n";
			showEnvVarsInLog = 0;
		};
		8CAAE6D2AD95CD92FCDFAE60 /* [CP] Copy Pods Resources */ = {
			isa = PBXShellScriptBuildPhase;
			buildActionMask = 2147483647;
			files = (
			);
			inputPaths = (
			);
			name = "[CP] Copy Pods Resources";
			outputPaths = (
			);
			runOnlyForDeploymentPostprocessing = 0;
			shellPath = /bin/sh;
			shellScript = "\"${SRCROOT}/Pods/Target Support Files/Pods-scan2oc/Pods-scan2oc-resources.sh\"\n";
			showEnvVarsInLog = 0;
		};
/* End PBXShellScriptBuildPhase section */

/* Begin PBXSourcesBuildPhase section */
		C39290451F00173100A4071D /* Sources */ = {
			isa = PBXSourcesBuildPhase;
			buildActionMask = 2147483647;
			files = (
				C392904F1F00173100A4071D /* ViewController.swift in Sources */,
				C392904D1F00173100A4071D /* AppDelegate.swift in Sources */,
			);
			runOnlyForDeploymentPostprocessing = 0;
		};
/* End PBXSourcesBuildPhase section */

/* Begin PBXVariantGroup section */
		C39290501F00173100A4071D /* Main.storyboard */ = {
			isa = PBXVariantGroup;
			children = (
				C39290511F00173100A4071D /* Base */,
			);
			name = Main.storyboard;
			sourceTree = "<group>";
		};
		C39290551F00173100A4071D /* LaunchScreen.storyboard */ = {
			isa = PBXVariantGroup;
			children = (
				C39290561F00173100A4071D /* Base */,
			);
			name = LaunchScreen.storyboard;
			sourceTree = "<group>";
		};
/* End PBXVariantGroup section */

/* Begin XCBuildConfiguration section */
		C39290591F00173100A4071D /* Debug */ = {
			isa = XCBuildConfiguration;
			buildSettings = {
				ALWAYS_SEARCH_USER_PATHS = NO;
				CLANG_ANALYZER_NONNULL = YES;
				CLANG_ANALYZER_NUMBER_OBJECT_CONVERSION = YES_AGGRESSIVE;
				CLANG_CXX_LANGUAGE_STANDARD = "gnu++0x";
				CLANG_CXX_LIBRARY = "libc++";
				CLANG_ENABLE_MODULES = YES;
				CLANG_ENABLE_OBJC_ARC = YES;
				CLANG_WARN_BOOL_CONVERSION = YES;
				CLANG_WARN_CONSTANT_CONVERSION = YES;
				CLANG_WARN_DIRECT_OBJC_ISA_USAGE = YES_ERROR;
				CLANG_WARN_DOCUMENTATION_COMMENTS = YES;
				CLANG_WARN_EMPTY_BODY = YES;
				CLANG_WARN_ENUM_CONVERSION = YES;
				CLANG_WARN_INFINITE_RECURSION = YES;
				CLANG_WARN_INT_CONVERSION = YES;
				CLANG_WARN_OBJC_ROOT_CLASS = YES_ERROR;
				CLANG_WARN_SUSPICIOUS_MOVE = YES;
				CLANG_WARN_UNREACHABLE_CODE = YES;
				CLANG_WARN__DUPLICATE_METHOD_MATCH = YES;
				"CODE_SIGN_IDENTITY[sdk=iphoneos*]" = "iPhone Developer";
				COPY_PHASE_STRIP = NO;
				DEBUG_INFORMATION_FORMAT = dwarf;
				ENABLE_STRICT_OBJC_MSGSEND = YES;
				ENABLE_TESTABILITY = YES;
				GCC_C_LANGUAGE_STANDARD = gnu99;
				GCC_DYNAMIC_NO_PIC = NO;
				GCC_NO_COMMON_BLOCKS = YES;
				GCC_OPTIMIZATION_LEVEL = 0;
				GCC_PREPROCESSOR_DEFINITIONS = (
					"DEBUG=1",
					"$(inherited)",
				);
				GCC_WARN_64_TO_32_BIT_CONVERSION = YES;
				GCC_WARN_ABOUT_RETURN_TYPE = YES_ERROR;
				GCC_WARN_UNDECLARED_SELECTOR = YES;
				GCC_WARN_UNINITIALIZED_AUTOS = YES_AGGRESSIVE;
				GCC_WARN_UNUSED_FUNCTION = YES;
				GCC_WARN_UNUSED_VARIABLE = YES;
				IPHONEOS_DEPLOYMENT_TARGET = 10.3;
				MTL_ENABLE_DEBUG_INFO = YES;
				ONLY_ACTIVE_ARCH = YES;
				SDKROOT = iphoneos;
				SWIFT_ACTIVE_COMPILATION_CONDITIONS = DEBUG;
				SWIFT_OPTIMIZATION_LEVEL = "-Onone";
				TARGETED_DEVICE_FAMILY = "1,2";
			};
			name = Debug;
		};
		C392905A1F00173100A4071D /* Release */ = {
			isa = XCBuildConfiguration;
			buildSettings = {
				ALWAYS_SEARCH_USER_PATHS = NO;
				CLANG_ANALYZER_NONNULL = YES;
				CLANG_ANALYZER_NUMBER_OBJECT_CONVERSION = YES_AGGRESSIVE;
				CLANG_CXX_LANGUAGE_STANDARD = "gnu++0x";
				CLANG_CXX_LIBRARY = "libc++";
				CLANG_ENABLE_MODULES = YES;
				CLANG_ENABLE_OBJC_ARC = YES;
				CLANG_WARN_BOOL_CONVERSION = YES;
				CLANG_WARN_CONSTANT_CONVERSION = YES;
				CLANG_WARN_DIRECT_OBJC_ISA_USAGE = YES_ERROR;
				CLANG_WARN_DOCUMENTATION_COMMENTS = YES;
				CLANG_WARN_EMPTY_BODY = YES;
				CLANG_WARN_ENUM_CONVERSION = YES;
				CLANG_WARN_INFINITE_RECURSION = YES;
				CLANG_WARN_INT_CONVERSION = YES;
				CLANG_WARN_OBJC_ROOT_CLASS = YES_ERROR;
				CLANG_WARN_SUSPICIOUS_MOVE = YES;
				CLANG_WARN_UNREACHABLE_CODE = YES;
				CLANG_WARN__DUPLICATE_METHOD_MATCH = YES;
				"CODE_SIGN_IDENTITY[sdk=iphoneos*]" = "iPhone Developer";
				COPY_PHASE_STRIP = NO;
				DEBUG_INFORMATION_FORMAT = "dwarf-with-dsym";
				ENABLE_NS_ASSERTIONS = NO;
				ENABLE_STRICT_OBJC_MSGSEND = YES;
				GCC_C_LANGUAGE_STANDARD = gnu99;
				GCC_NO_COMMON_BLOCKS = YES;
				GCC_WARN_64_TO_32_BIT_CONVERSION = YES;
				GCC_WARN_ABOUT_RETURN_TYPE = YES_ERROR;
				GCC_WARN_UNDECLARED_SELECTOR = YES;
				GCC_WARN_UNINITIALIZED_AUTOS = YES_AGGRESSIVE;
				GCC_WARN_UNUSED_FUNCTION = YES;
				GCC_WARN_UNUSED_VARIABLE = YES;
				IPHONEOS_DEPLOYMENT_TARGET = 10.3;
				MTL_ENABLE_DEBUG_INFO = NO;
				SDKROOT = iphoneos;
				SWIFT_OPTIMIZATION_LEVEL = "-Owholemodule";
				TARGETED_DEVICE_FAMILY = "1,2";
				VALIDATE_PRODUCT = YES;
			};
			name = Release;
		};
		C392905C1F00173100A4071D /* Debug */ = {
			isa = XCBuildConfiguration;
			baseConfigurationReference = 21B2A668C1BE3A3CB83C3B4B /* Pods-scan2oc.debug.xcconfig */;
			buildSettings = {
				ASSETCATALOG_COMPILER_APPICON_NAME = AppIcon;
				DEVELOPMENT_TEAM = 6H4AW7WN7R;
				INFOPLIST_FILE = scan2oc/Info.plist;
				LD_RUNPATH_SEARCH_PATHS = "$(inherited) @executable_path/Frameworks";
				PRODUCT_BUNDLE_IDENTIFIER = com.symeapp.scan2oc;
				PRODUCT_NAME = "$(TARGET_NAME)";
				SWIFT_VERSION = 3.0;
			};
			name = Debug;
		};
		C392905D1F00173100A4071D /* Release */ = {
			isa = XCBuildConfiguration;
			baseConfigurationReference = B326F9D5923CE50BFA107830 /* Pods-scan2oc.release.xcconfig */;
			buildSettings = {
				ASSETCATALOG_COMPILER_APPICON_NAME = AppIcon;
				DEVELOPMENT_TEAM = 6H4AW7WN7R;
				INFOPLIST_FILE = scan2oc/Info.plist;
				LD_RUNPATH_SEARCH_PATHS = "$(inherited) @executable_path/Frameworks";
				PRODUCT_BUNDLE_IDENTIFIER = com.symeapp.scan2oc;
				PRODUCT_NAME = "$(TARGET_NAME)";
				SWIFT_VERSION = 3.0;
			};
			name = Release;
		};
/* End XCBuildConfiguration section */

/* Begin XCConfigurationList section */
		C39290441F00173100A4071D /* Build configuration list for PBXProject "scan2oc" */ = {
			isa = XCConfigurationList;
			buildConfigurations = (
				C39290591F00173100A4071D /* Debug */,
				C392905A1F00173100A4071D /* Release */,
			);
			defaultConfigurationIsVisible = 0;
			defaultConfigurationName = Release;
		};
		C392905B1F00173100A4071D /* Build configuration list for PBXNativeTarget "scan2oc" */ = {
			isa = XCConfigurationList;
			buildConfigurations = (
				C392905C1F00173100A4071D /* Debug */,
				C392905D1F00173100A4071D /* Release */,
			);
			defaultConfigurationIsVisible = 0;
		};
/* End XCConfigurationList section */
	};
	rootObject = C39290411F00173100A4071D /* Project object */;
}
